
Microsoft Visual Studio Solution File, Format Version 12.00
# Visual Studio Version 17
VisualStudioVersion = 17.8.34330.188
MinimumVisualStudioVersion = 10.0.40219.1
Project("{8BC9CEB8-8B4A-11D0-8D11-00A0C91BC942}") = "prak2", "prak2\prak2.vcxproj", "{391B820C-D011-4C25-861B-8A05E6BA377F}"
EndProject
Global
	GlobalSection(SolutionConfigurationPlatforms) = preSolution
		Debug|x64 = Debug|x64
		Debug|x86 = Debug|x86
		Release|x64 = Release|x64
		Release|x86 = Release|x86
	EndGlobalSection
	GlobalSection(ProjectConfigurationPlatforms) = postSolution
		{391B820C-D011-4C25-861B-8A05E6BA377F}.Debug|x64.ActiveCfg = Debug|x64
		{391B820C-D011-4C25-861B-8A05E6BA377F}.Debug|x64.Build.0 = Debug|x64
		{391B820C-D011-4C25-861B-8A05E6BA377F}.Debug|x86.ActiveCfg = Debug|Win32
		{391B820C-D011-4C25-861B-8A05E6BA377F}.Debug|x86.Build.0 = Debug|Win32
		{391B820C-D011-4C25-861B-8A05E6BA377F}.Release|x64.ActiveCfg = Release|x64
		{391B820C-D011-4C25-861B-8A05E6BA377F}.Release|x64.Build.0 = Release|x64
		{391B820C-D011-4C25-861B-8A05E6BA377F}.Release|x86.ActiveCfg = Release|Win32
		{391B820C-D011-4C25-861B-8A05E6BA377F}.Release|x86.Build.0 = Release|Win32
	EndGlobalSection
	GlobalSection(SolutionProperties) = preSolution
		HideSolutionNode = FALSE
	EndGlobalSection
	GlobalSection(ExtensibilityGlobals) = postSolution
		SolutionGuid = {FF3CB276-4FD6-4FC7-A4E1-4F0E1477E8AD}
	EndGlobalSection
EndGlobal
